
Microsoft Visual Studio Solution File, Format Version 12.00
# Visual Studio 2013
VisualStudioVersion = 12.0.30723.0
MinimumVisualStudioVersion = 10.0.40219.1
Project("{FAE04EC0-301F-11D3-BF4B-00C04F79EFBC}") = "RecursionDojo", "RecursionDojo\RecursionDojo.csproj", "{B127E55C-C565-482B-A0CB-CEA3FFA8296A}"
EndProject
Project("{FAE04EC0-301F-11D3-BF4B-00C04F79EFBC}") = "RecursionDojo.UnitTests", "RecursionDojo.UnitTests\RecursionDojo.UnitTests.csproj", "{A04C3CA0-3766-4BE0-A956-DC95AD46FA62}"
EndProject
Global
	GlobalSection(SolutionConfigurationPlatforms) = preSolution
		Debug|Any CPU = Debug|Any CPU
		Release|Any CPU = Release|Any CPU
	EndGlobalSection
	GlobalSection(ProjectConfigurationPlatforms) = postSolution
		{B127E55C-C565-482B-A0CB-CEA3FFA8296A}.Debug|Any CPU.ActiveCfg = Debug|Any CPU
		{B127E55C-C565-482B-A0CB-CEA3FFA8296A}.Debug|Any CPU.Build.0 = Debug|Any CPU
		{B127E55C-C565-482B-A0CB-CEA3FFA8296A}.Release|Any CPU.ActiveCfg = Release|Any CPU
		{B127E55C-C565-482B-A0CB-CEA3FFA8296A}.Release|Any CPU.Build.0 = Release|Any CPU
		{A04C3CA0-3766-4BE0-A956-DC95AD46FA62}.Debug|Any CPU.ActiveCfg = Debug|Any CPU
		{A04C3CA0-3766-4BE0-A956-DC95AD46FA62}.Debug|Any CPU.Build.0 = Debug|Any CPU
		{A04C3CA0-3766-4BE0-A956-DC95AD46FA62}.Release|Any CPU.ActiveCfg = Release|Any CPU
		{A04C3CA0-3766-4BE0-A956-DC95AD46FA62}.Release|Any CPU.Build.0 = Release|Any CPU
	EndGlobalSection
	GlobalSection(SolutionProperties) = preSolution
		HideSolutionNode = FALSE
	EndGlobalSection
EndGlobal
